
Microsoft Visual Studio Solution File, Format Version 12.00
# Visual Studio Version 17
VisualStudioVersion = 17.3.32922.545
MinimumVisualStudioVersion = 10.0.40219.1
Project("{FAE04EC0-301F-11D3-BF4B-00C04F79EFBC}") = "HW_100423", "HW_100423\HW_100423.csproj", "{73F7E90A-9901-4988-84C7-BEA482F7C76B}"
EndProject
Global
	GlobalSection(SolutionConfigurationPlatforms) = preSolution
		Debug|Any CPU = Debug|Any CPU
		Release|Any CPU = Release|Any CPU
	EndGlobalSection
	GlobalSection(ProjectConfigurationPlatforms) = postSolution
		{73F7E90A-9901-4988-84C7-BEA482F7C76B}.Debug|Any CPU.ActiveCfg = Debug|Any CPU
		{73F7E90A-9901-4988-84C7-BEA482F7C76B}.Debug|Any CPU.Build.0 = Debug|Any CPU
		{73F7E90A-9901-4988-84C7-BEA482F7C76B}.Release|Any CPU.ActiveCfg = Release|Any CPU
		{73F7E90A-9901-4988-84C7-BEA482F7C76B}.Release|Any CPU.Build.0 = Release|Any CPU
	EndGlobalSection
	GlobalSection(SolutionProperties) = preSolution
		HideSolutionNode = FALSE
	EndGlobalSection
	GlobalSection(ExtensibilityGlobals) = postSolution
		SolutionGuid = {E07A96B5-F080-4F43-BDDB-9E881A6A443D}
	EndGlobalSection
EndGlobal
